
Microsoft Visual Studio Solution File, Format Version 12.00
# Visual Studio Version 16
VisualStudioVersion = 16.0.30011.22
MinimumVisualStudioVersion = 10.0.40219.1
Project("{FAE04EC0-301F-11D3-BF4B-00C04F79EFBC}") = "CLRDGAddressTest", "CLRDGAddressTest\CLRDGAddressTest.csproj", "{084A5456-29A5-46E1-88AF-00C861CC57C4}"
EndProject
Project("{9344BDBB-3E7F-41FC-A0DD-8665D75EE146}") = "CLRDGAddress", "CLRDGAddress\CLRDGAddress.csproj", "{4A8CE5C5-55EC-4F77-8313-976A18545457}"
EndProject
Global
	GlobalSection(SolutionConfigurationPlatforms) = preSolution
		Debug|Any CPU = Debug|Any CPU
		Release|Any CPU = Release|Any CPU
	EndGlobalSection
	GlobalSection(ProjectConfigurationPlatforms) = postSolution
		{084A5456-29A5-46E1-88AF-00C861CC57C4}.Debug|Any CPU.ActiveCfg = Debug|Any CPU
		{084A5456-29A5-46E1-88AF-00C861CC57C4}.Debug|Any CPU.Build.0 = Debug|Any CPU
		{084A5456-29A5-46E1-88AF-00C861CC57C4}.Release|Any CPU.ActiveCfg = Release|Any CPU
		{084A5456-29A5-46E1-88AF-00C861CC57C4}.Release|Any CPU.Build.0 = Release|Any CPU
		{4A8CE5C5-55EC-4F77-8313-976A18545457}.Debug|Any CPU.ActiveCfg = Debug|Any CPU
		{4A8CE5C5-55EC-4F77-8313-976A18545457}.Debug|Any CPU.Build.0 = Debug|Any CPU
		{4A8CE5C5-55EC-4F77-8313-976A18545457}.Release|Any CPU.ActiveCfg = Release|Any CPU
		{4A8CE5C5-55EC-4F77-8313-976A18545457}.Release|Any CPU.Build.0 = Release|Any CPU
	EndGlobalSection
	GlobalSection(SolutionProperties) = preSolution
		HideSolutionNode = FALSE
	EndGlobalSection
	GlobalSection(ExtensibilityGlobals) = postSolution
		SolutionGuid = {D8608C87-2522-4C29-BCE1-D4AB16B5252D}
	EndGlobalSection
EndGlobal
